
Microsoft Visual Studio Solution File, Format Version 12.00
# Visual Studio Version 17
VisualStudioVersion = 17.8.34316.72
MinimumVisualStudioVersion = 10.0.40219.1
Project("{FAE04EC0-301F-11D3-BF4B-00C04F79EFBC}") = "EntityFrameworkMvc", "EntityFramewprkMvc\EntityFrameworkMvc.csproj", "{F1112C17-90B5-40B5-8A87-C638B49F6DC4}"
EndProject
Project("{FAE04EC0-301F-11D3-BF4B-00C04F79EFBC}") = "MyApp.Models", "MyAppModels\MyApp.Models.csproj", "{BCF69F82-BC9B-4D1F-9B84-73181FAB59CE}"
EndProject
Project("{FAE04EC0-301F-11D3-BF4B-00C04F79EFBC}") = "MyApp.DAL", "MyApp.DAL\MyApp.DAL.csproj", "{4377D7B3-5812-454F-B3E5-BA5647DB177B}"
EndProject
Global
	GlobalSection(SolutionConfigurationPlatforms) = preSolution
		Debug|Any CPU = Debug|Any CPU
		Release|Any CPU = Release|Any CPU
	EndGlobalSection
	GlobalSection(ProjectConfigurationPlatforms) = postSolution
		{F1112C17-90B5-40B5-8A87-C638B49F6DC4}.Debug|Any CPU.ActiveCfg = Debug|Any CPU
		{F1112C17-90B5-40B5-8A87-C638B49F6DC4}.Debug|Any CPU.Build.0 = Debug|Any CPU
		{F1112C17-90B5-40B5-8A87-C638B49F6DC4}.Release|Any CPU.ActiveCfg = Release|Any CPU
		{F1112C17-90B5-40B5-8A87-C638B49F6DC4}.Release|Any CPU.Build.0 = Release|Any CPU
		{BCF69F82-BC9B-4D1F-9B84-73181FAB59CE}.Debug|Any CPU.ActiveCfg = Debug|Any CPU
		{BCF69F82-BC9B-4D1F-9B84-73181FAB59CE}.Debug|Any CPU.Build.0 = Debug|Any CPU
		{BCF69F82-BC9B-4D1F-9B84-73181FAB59CE}.Release|Any CPU.ActiveCfg = Release|Any CPU
		{BCF69F82-BC9B-4D1F-9B84-73181FAB59CE}.Release|Any CPU.Build.0 = Release|Any CPU
		{4377D7B3-5812-454F-B3E5-BA5647DB177B}.Debug|Any CPU.ActiveCfg = Debug|Any CPU
		{4377D7B3-5812-454F-B3E5-BA5647DB177B}.Debug|Any CPU.Build.0 = Debug|Any CPU
		{4377D7B3-5812-454F-B3E5-BA5647DB177B}.Release|Any CPU.ActiveCfg = Release|Any CPU
		{4377D7B3-5812-454F-B3E5-BA5647DB177B}.Release|Any CPU.Build.0 = Release|Any CPU
	EndGlobalSection
	GlobalSection(SolutionProperties) = preSolution
		HideSolutionNode = FALSE
	EndGlobalSection
	GlobalSection(ExtensibilityGlobals) = postSolution
		SolutionGuid = {63551276-2CF3-4BFB-B068-99CBA03D08D9}
	EndGlobalSection
EndGlobal
